// !$*UTF8*$!
{
	archiveVersion = 1;
	classes = {
	};
	objectVersion = 46;
	objects = {

/* Begin PBXBuildFile section */
		BA7A170D19CAF51900ECD9F3 /* AppDelegate.swift in Sources */ = {isa = PBXBuildFile; fileRef = BA7A170C19CAF51900ECD9F3 /* AppDelegate.swift */; };
		BA7A170F19CAF51900ECD9F3 /* ViewController.swift in Sources */ = {isa = PBXBuildFile; fileRef = BA7A170E19CAF51900ECD9F3 /* ViewController.swift */; };
		BA7A171219CAF51900ECD9F3 /* Main.storyboard in Resources */ = {isa = PBXBuildFile; fileRef = BA7A171019CAF51900ECD9F3 /* Main.storyboard */; };
		BA7A171419CAF51900ECD9F3 /* Images.xcassets in Resources */ = {isa = PBXBuildFile; fileRef = BA7A171319CAF51900ECD9F3 /* Images.xcassets */; };
		BA7A171719CAF51900ECD9F3 /* LaunchScreen.xib in Resources */ = {isa = PBXBuildFile; fileRef = BA7A171519CAF51900ECD9F3 /* LaunchScreen.xib */; };
		BA7A172319CAF51900ECD9F3 /* FirstSwiftTests.swift in Sources */ = {isa = PBXBuildFile; fileRef = BA7A172219CAF51900ECD9F3 /* FirstSwiftTests.swift */; };
		BA7A172D19CAFD7800ECD9F3 /* skydive.jpg in Resources */ = {isa = PBXBuildFile; fileRef = BA7A172C19CAFD7800ECD9F3 /* skydive.jpg */; };
		BA7A172F19CB017B00ECD9F3 /* shak.jpeg in Resources */ = {isa = PBXBuildFile; fileRef = BA7A172E19CB017B00ECD9F3 /* shak.jpeg */; };
/* End PBXBuildFile section */

/* Begin PBXContainerItemProxy section */
		BA7A171D19CAF51900ECD9F3 /* PBXContainerItemProxy */ = {
			isa = PBXContainerItemProxy;
			containerPortal = BA7A16FF19CAF51900ECD9F3 /* Project object */;
			proxyType = 1;
			remoteGlobalIDString = BA7A170619CAF51900ECD9F3;
			remoteInfo = FirstSwift;
		};
/* End PBXContainerItemProxy section */

/* Begin PBXFileReference section */
		BA7A170719CAF51900ECD9F3 /* FirstSwift.app */ = {isa = PBXFileReference; explicitFileType = wrapper.application; includeInIndex = 0; path = FirstSwift.app; sourceTree = BUILT_PRODUCTS_DIR; };
		BA7A170B19CAF51900ECD9F3 /* Info.plist */ = {isa = PBXFileReference; lastKnownFileType = text.plist.xml; path = Info.plist; sourceTree = "<group>"; };
		BA7A170C19CAF51900ECD9F3 /* AppDelegate.swift */ = {isa = PBXFileReference; lastKnownFileType = sourcecode.swift; path = AppDelegate.swift; sourceTree = "<group>"; };
		BA7A170E19CAF51900ECD9F3 /* ViewController.swift */ = {isa = PBXFileReference; lastKnownFileType = sourcecode.swift; path = ViewController.swift; sourceTree = "<group>"; };
		BA7A171119CAF51900ECD9F3 /* Base */ = {isa = PBXFileReference; lastKnownFileType = file.storyboard; name = Base; path = Base.lproj/Main.storyboard; sourceTree = "<group>"; };
		BA7A171319CAF51900ECD9F3 /* Images.xcassets */ = {isa = PBXFileReference; lastKnownFileType = folder.assetcatalog; path = Images.xcassets; sourceTree = "<group>"; };
		BA7A171619CAF51900ECD9F3 /* Base */ = {isa = PBXFileReference; lastKnownFileType = file.xib; name = Base; path = Base.lproj/LaunchScreen.xib; sourceTree = "<group>"; };
		BA7A171C19CAF51900ECD9F3 /* FirstSwiftTests.xctest */ = {isa = PBXFileReference; explicitFileType = wrapper.cfbundle; includeInIndex = 0; path = FirstSwiftTests.xctest; sourceTree = BUILT_PRODUCTS_DIR; };
		BA7A172119CAF51900ECD9F3 /* Info.plist */ = {isa = PBXFileReference; lastKnownFileType = text.plist.xml; path = Info.plist; sourceTree = "<group>"; };
		BA7A172219CAF51900ECD9F3 /* FirstSwiftTests.swift */ = {isa = PBXFileReference; lastKnownFileType = sourcecode.swift; path = FirstSwiftTests.swift; sourceTree = "<group>"; };
		BA7A172C19CAFD7800ECD9F3 /* skydive.jpg */ = {isa = PBXFileReference; lastKnownFileType = image.jpeg; path = skydive.jpg; sourceTree = "<group>"; };
		BA7A172E19CB017B00ECD9F3 /* shak.jpeg */ = {isa = PBXFileReference; lastKnownFileType = image.jpeg; path = shak.jpeg; sourceTree = "<group>"; };
/* End PBXFileReference section */

/* Begin PBXFrameworksBuildPhase section */
		BA7A170419CAF51900ECD9F3 /* Frameworks */ = {
			isa = PBXFrameworksBuildPhase;
			buildActionMask = 2147483647;
			files = (
			);
			runOnlyForDeploymentPostprocessing = 0;
		};
		BA7A171919CAF51900ECD9F3 /* Frameworks */ = {
			isa = PBXFrameworksBuildPhase;
			buildActionMask = 2147483647;
			files = (
			);
			runOnlyForDeploymentPostprocessing = 0;
		};
/* End PBXFrameworksBuildPhase section */

/* Begin PBXGroup section */
		BA7A16FE19CAF51900ECD9F3 = {
			isa = PBXGroup;
			children = (
				BA7A170919CAF51900ECD9F3 /* FirstSwift */,
				BA7A171F19CAF51900ECD9F3 /* FirstSwiftTests */,
				BA7A170819CAF51900ECD9F3 /* Products */,
			);
			sourceTree = "<group>";
		};
		BA7A170819CAF51900ECD9F3 /* Products */ = {
			isa = PBXGroup;
			children = (
				BA7A170719CAF51900ECD9F3 /* FirstSwift.app */,
				BA7A171C19CAF51900ECD9F3 /* FirstSwiftTests.xctest */,
			);
			name = Products;
			sourceTree = "<group>";
		};
		BA7A170919CAF51900ECD9F3 /* FirstSwift */ = {
			isa = PBXGroup;
			children = (
				BA7A170C19CAF51900ECD9F3 /* AppDelegate.swift */,
				BA7A170E19CAF51900ECD9F3 /* ViewController.swift */,
				BA7A171019CAF51900ECD9F3 /* Main.storyboard */,
				BA7A171319CAF51900ECD9F3 /* Images.xcassets */,
				BA7A171519CAF51900ECD9F3 /* LaunchScreen.xib */,
				BA7A170A19CAF51900ECD9F3 /* Supporting Files */,
			);
			path = FirstSwift;
			sourceTree = "<group>";
		};
		BA7A170A19CAF51900ECD9F3 /* Supporting Files */ = {
			isa = PBXGroup;
			children = (
				BA7A172E19CB017B00ECD9F3 /* shak.jpeg */,
				BA7A172C19CAFD7800ECD9F3 /* skydive.jpg */,
				BA7A170B19CAF51900ECD9F3 /* Info.plist */,
			);
			name = "Supporting Files";
			sourceTree = "<group>";
		};
		BA7A171F19CAF51900ECD9F3 /* FirstSwiftTests */ = {
			isa = PBXGroup;
			children = (
				BA7A172219CAF51900ECD9F3 /* FirstSwiftTests.swift */,
				BA7A172019CAF51900ECD9F3 /* Supporting Files */,
			);
			path = FirstSwiftTests;
			sourceTree = "<group>";
		};
		BA7A172019CAF51900ECD9F3 /* Supporting Files */ = {
			isa = PBXGroup;
			children = (
				BA7A172119CAF51900ECD9F3 /* Info.plist */,
			);
			name = "Supporting Files";
			sourceTree = "<group>";
		};
/* End PBXGroup section */

/* Begin PBXNativeTarget section */
		BA7A170619CAF51900ECD9F3 /* FirstSwift */ = {
			isa = PBXNativeTarget;
			buildConfigurationList = BA7A172619CAF51900ECD9F3 /* Build configuration list for PBXNativeTarget "FirstSwift" */;
			buildPhases = (
				BA7A170319CAF51900ECD9F3 /* Sources */,
				BA7A170419CAF51900ECD9F3 /* Frameworks */,
				BA7A170519CAF51900ECD9F3 /* Resources */,
			);
			buildRules = (
			);
			dependencies = (
			);
			name = FirstSwift;
			productName = FirstSwift;
			productReference = BA7A170719CAF51900ECD9F3 /* FirstSwift.app */;
			productType = "com.apple.product-type.application";
		};
		BA7A171B19CAF51900ECD9F3 /* FirstSwiftTests */ = {
			isa = PBXNativeTarget;
			buildConfigurationList = BA7A172919CAF51900ECD9F3 /* Build configuration list for PBXNativeTarget "FirstSwiftTests" */;
			buildPhases = (
				BA7A171819CAF51900ECD9F3 /* Sources */,
				BA7A171919CAF51900ECD9F3 /* Frameworks */,
				BA7A171A19CAF51900ECD9F3 /* Resources */,
			);
			buildRules = (
			);
			dependencies = (
				BA7A171E19CAF51900ECD9F3 /* PBXTargetDependency */,
			);
			name = FirstSwiftTests;
			productName = FirstSwiftTests;
			productReference = BA7A171C19CAF51900ECD9F3 /* FirstSwiftTests.xctest */;
			productType = "com.apple.product-type.bundle.unit-test";
		};
/* End PBXNativeTarget section */

/* Begin PBXProject section */
		BA7A16FF19CAF51900ECD9F3 /* Project object */ = {
			isa = PBXProject;
			attributes = {
				LastUpgradeCheck = 0600;
				ORGANIZATIONNAME = "Kumar Akshay";
				TargetAttributes = {
					BA7A170619CAF51900ECD9F3 = {
						CreatedOnToolsVersion = 6.0;
					};
					BA7A171B19CAF51900ECD9F3 = {
						CreatedOnToolsVersion = 6.0;
						TestTargetID = BA7A170619CAF51900ECD9F3;
					};
				};
			};
			buildConfigurationList = BA7A170219CAF51900ECD9F3 /* Build configuration list for PBXProject "FirstSwift" */;
			compatibilityVersion = "Xcode 3.2";
			developmentRegion = English;
			hasScannedForEncodings = 0;
			knownRegions = (
				en,
				Base,
			);
			mainGroup = BA7A16FE19CAF51900ECD9F3;
			productRefGroup = BA7A170819CAF51900ECD9F3 /* Products */;
			projectDirPath = "";
			projectRoot = "";
			targets = (
				BA7A170619CAF51900ECD9F3 /* FirstSwift */,
				BA7A171B19CAF51900ECD9F3 /* FirstSwiftTests */,
			);
		};
/* End PBXProject section */

/* Begin PBXResourcesBuildPhase section */
		BA7A170519CAF51900ECD9F3 /* Resources */ = {
			isa = PBXResourcesBuildPhase;
			buildActionMask = 2147483647;
			files = (
				BA7A171219CAF51900ECD9F3 /* Main.storyboard in Resources */,
				BA7A171719CAF51900ECD9F3 /* LaunchScreen.xib in Resources */,
				BA7A171419CAF51900ECD9F3 /* Images.xcassets in Resources */,
				BA7A172F19CB017B00ECD9F3 /* shak.jpeg in Resources */,
				BA7A172D19CAFD7800ECD9F3 /* skydive.jpg in Resources */,
			);
			runOnlyForDeploymentPostprocessing = 0;
		};
		BA7A171A19CAF51900ECD9F3 /* Resources */ = {
			isa = PBXResourcesBuildPhase;
			buildActionMask = 2147483647;
			files = (
			);
			runOnlyForDeploymentPostprocessing = 0;
		};
/* End PBXResourcesBuildPhase section */

/* Begin PBXSourcesBuildPhase section */
		BA7A170319CAF51900ECD9F3 /* Sources */ = {
			isa = PBXSourcesBuildPhase;
			buildActionMask = 2147483647;
			files = (
				BA7A170F19CAF51900ECD9F3 /* ViewController.swift in Sources */,
				BA7A170D19CAF51900ECD9F3 /* AppDelegate.swift in Sources */,
			);
			runOnlyForDeploymentPostprocessing = 0;
		};
		BA7A171819CAF51900ECD9F3 /* Sources */ = {
			isa = PBXSourcesBuildPhase;
			buildActionMask = 2147483647;
			files = (
				BA7A172319CAF51900ECD9F3 /* FirstSwiftTests.swift in Sources */,
			);
			runOnlyForDeploymentPostprocessing = 0;
		};
/* End PBXSourcesBuildPhase section */

/* Begin PBXTargetDependency section */
		BA7A171E19CAF51900ECD9F3 /* PBXTargetDependency */ = {
			isa = PBXTargetDependency;
			target = BA7A170619CAF51900ECD9F3 /* FirstSwift */;
			targetProxy = BA7A171D19CAF51900ECD9F3 /* PBXContainerItemProxy */;
		};
/* End PBXTargetDependency section */

/* Begin PBXVariantGroup section */
		BA7A171019CAF51900ECD9F3 /* Main.storyboard */ = {
			isa = PBXVariantGroup;
			children = (
				BA7A171119CAF51900ECD9F3 /* Base */,
			);
			name = Main.storyboard;
			sourceTree = "<group>";
		};
		BA7A171519CAF51900ECD9F3 /* LaunchScreen.xib */ = {
			isa = PBXVariantGroup;
			children = (
				BA7A171619CAF51900ECD9F3 /* Base */,
			);
			name = LaunchScreen.xib;
			sourceTree = "<group>";
		};
/* End PBXVariantGroup section */

/* Begin XCBuildConfiguration section */
		BA7A172419CAF51900ECD9F3 /* Debug */ = {
			isa = XCBuildConfiguration;
			buildSettings = {
				ALWAYS_SEARCH_USER_PATHS = NO;
				CLANG_CXX_LANGUAGE_STANDARD = "gnu++0x";
				CLANG_CXX_LIBRARY = "libc++";
				CLANG_ENABLE_MODULES = YES;
				CLANG_ENABLE_OBJC_ARC = YES;
				CLANG_WARN_BOOL_CONVERSION = YES;
				CLANG_WARN_CONSTANT_CONVERSION = YES;
				CLANG_WARN_DIRECT_OBJC_ISA_USAGE = YES_ERROR;
				CLANG_WARN_EMPTY_BODY = YES;
				CLANG_WARN_ENUM_CONVERSION = YES;
				CLANG_WARN_INT_CONVERSION = YES;
				CLANG_WARN_OBJC_ROOT_CLASS = YES_ERROR;
				CLANG_WARN_UNREACHABLE_CODE = YES;
				CLANG_WARN__DUPLICATE_METHOD_MATCH = YES;
				"CODE_SIGN_IDENTITY[sdk=iphoneos*]" = "iPhone Developer";
				COPY_PHASE_STRIP = NO;
				ENABLE_STRICT_OBJC_MSGSEND = YES;
				GCC_C_LANGUAGE_STANDARD = gnu99;
				GCC_DYNAMIC_NO_PIC = NO;
				GCC_OPTIMIZATION_LEVEL = 0;
				GCC_PREPROCESSOR_DEFINITIONS = (
					"DEBUG=1",
					"$(inherited)",
				);
				GCC_SYMBOLS_PRIVATE_EXTERN = NO;
				GCC_WARN_64_TO_32_BIT_CONVERSION = YES;
				GCC_WARN_ABOUT_RETURN_TYPE = YES_ERROR;
				GCC_WARN_UNDECLARED_SELECTOR = YES;
				GCC_WARN_UNINITIALIZED_AUTOS = YES_AGGRESSIVE;
				GCC_WARN_UNUSED_FUNCTION = YES;
				GCC_WARN_UNUSED_VARIABLE = YES;
				IPHONEOS_DEPLOYMENT_TARGET = 8.0;
				MTL_ENABLE_DEBUG_INFO = YES;
				ONLY_ACTIVE_ARCH = YES;
				SDKROOT = iphoneos;
				SWIFT_OPTIMIZATION_LEVEL = "-Onone";
			};
			name = Debug;
		};
		BA7A172519CAF51900ECD9F3 /* Release */ = {
			isa = XCBuildConfiguration;
			buildSettings = {
				ALWAYS_SEARCH_USER_PATHS = NO;
				CLANG_CXX_LANGUAGE_STANDARD = "gnu++0x";
				CLANG_CXX_LIBRARY = "libc++";
				CLANG_ENABLE_MODULES = YES;
				CLANG_ENABLE_OBJC_ARC = YES;
				CLANG_WARN_BOOL_CONVERSION = YES;
				CLANG_WARN_CONSTANT_CONVERSION = YES;
				CLANG_WARN_DIRECT_OBJC_ISA_USAGE = YES_ERROR;
				CLANG_WARN_EMPTY_BODY = YES;
				CLANG_WARN_ENUM_CONVERSION = YES;
				CLANG_WARN_INT_CONVERSION = YES;
				CLANG_WARN_OBJC_ROOT_CLASS = YES_ERROR;
				CLANG_WARN_UNREACHABLE_CODE = YES;
				CLANG_WARN__DUPLICATE_METHOD_MATCH = YES;
				"CODE_SIGN_IDENTITY[sdk=iphoneos*]" = "iPhone Developer";
				COPY_PHASE_STRIP = YES;
				ENABLE_NS_ASSERTIONS = NO;
				ENABLE_STRICT_OBJC_MSGSEND = YES;
				GCC_C_LANGUAGE_STANDARD = gnu99;
				GCC_WARN_64_TO_32_BIT_CONVERSION = YES;
				GCC_WARN_ABOUT_RETURN_TYPE = YES_ERROR;
				GCC_WARN_UNDECLARED_SELECTOR = YES;
				GCC_WARN_UNINITIALIZED_AUTOS = YES_AGGRESSIVE;
				GCC_WARN_UNUSED_FUNCTION = YES;
				GCC_WARN_UNUSED_VARIABLE = YES;
				IPHONEOS_DEPLOYMENT_TARGET = 8.0;
				MTL_ENABLE_DEBUG_INFO = NO;
				SDKROOT = iphoneos;
				VALIDATE_PRODUCT = YES;
			};
			name = Release;
		};
		BA7A172719CAF51900ECD9F3 /* Debug */ = {
			isa = XCBuildConfiguration;
			buildSettings = {
				ASSETCATALOG_COMPILER_APPICON_NAME = AppIcon;
				INFOPLIST_FILE = FirstSwift/Info.plist;
				LD_RUNPATH_SEARCH_PATHS = "$(inherited) @executable_path/Frameworks";
				PRODUCT_NAME = "$(TARGET_NAME)";
			};
			name = Debug;
		};
		BA7A172819CAF51900ECD9F3 /* Release */ = {
			isa = XCBuildConfiguration;
			buildSettings = {
				ASSETCATALOG_COMPILER_APPICON_NAME = AppIcon;
				INFOPLIST_FILE = FirstSwift/Info.plist;
				LD_RUNPATH_SEARCH_PATHS = "$(inherited) @executable_path/Frameworks";
				PRODUCT_NAME = "$(TARGET_NAME)";
			};
			name = Release;
		};
		BA7A172A19CAF51900ECD9F3 /* Debug */ = {
			isa = XCBuildConfiguration;
			buildSettings = {
				BUNDLE_LOADER = "$(TEST_HOST)";
				FRAMEWORK_SEARCH_PATHS = (
					"$(SDKROOT)/Developer/Library/Frameworks",
					"$(inherited)",
				);
				GCC_PREPROCESSOR_DEFINITIONS = (
					"DEBUG=1",
					"$(inherited)",
				);
				INFOPLIST_FILE = FirstSwiftTests/Info.plist;
				LD_RUNPATH_SEARCH_PATHS = "$(inherited) @executable_path/Frameworks @loader_path/Frameworks";
				PRODUCT_NAME = "$(TARGET_NAME)";
				TEST_HOST = "$(BUILT_PRODUCTS_DIR)/FirstSwift.app/FirstSwift";
			};
			name = Debug;
		};
		BA7A172B19CAF51900ECD9F3 /* Release */ = {
			isa = XCBuildConfiguration;
			buildSettings = {
				BUNDLE_LOADER = "$(TEST_HOST)";
				FRAMEWORK_SEARCH_PATHS = (
					"$(SDKROOT)/Developer/Library/Frameworks",
					"$(inherited)",
				);
				INFOPLIST_FILE = FirstSwiftTests/Info.plist;
				LD_RUNPATH_SEARCH_PATHS = "$(inherited) @executable_path/Frameworks @loader_path/Frameworks";
				PRODUCT_NAME = "$(TARGET_NAME)";
				TEST_HOST = "$(BUILT_PRODUCTS_DIR)/FirstSwift.app/FirstSwift";
			};
			name = Release;
		};
/* End XCBuildConfiguration section */

/* Begin XCConfigurationList section */
		BA7A170219CAF51900ECD9F3 /* Build configuration list for PBXProject "FirstSwift" */ = {
			isa = XCConfigurationList;
			buildConfigurations = (
				BA7A172419CAF51900ECD9F3 /* Debug */,
				BA7A172519CAF51900ECD9F3 /* Release */,
			);
			defaultConfigurationIsVisible = 0;
			defaultConfigurationName = Release;
		};
		BA7A172619CAF51900ECD9F3 /* Build configuration list for PBXNativeTarget "FirstSwift" */ = {
			isa = XCConfigurationList;
			buildConfigurations = (
				BA7A172719CAF51900ECD9F3 /* Debug */,
				BA7A172819CAF51900ECD9F3 /* Release */,
			);
			defaultConfigurationIsVisible = 0;
		};
		BA7A172919CAF51900ECD9F3 /* Build configuration list for PBXNativeTarget "FirstSwiftTests" */ = {
			isa = XCConfigurationList;
			buildConfigurations = (
				BA7A172A19CAF51900ECD9F3 /* Debug */,
				BA7A172B19CAF51900ECD9F3 /* Release */,
			);
			defaultConfigurationIsVisible = 0;
		};
/* End XCConfigurationList section */
	};
	rootObject = BA7A16FF19CAF51900ECD9F3 /* Project object */;
}
